# This file is autogenerated, do not edit; changes may be undone by the next 'dep ensure'.


[[projects]]
  name = "github.com/jinzhu/gorm"
  packages = ["dialects/postgres"]
  revision = "5174cc5c242a728b435ea2be8a2f7f998e15429b"
  version = "v1.0"

[[projects]]
  branch = "master"
  name = "github.com/lib/pq"
  packages = [
    ".",
    "hstore",
    "oid"
  ]
  revision = "19c8e9ad00952ce0c64489b60e8df88bb16dd514"

[[projects]]
  branch = "master"
  name = "github.com/otiai10/copy"
  packages = ["."]
  revision = "7eeec08e0e56680b5a0f03cd5110394e25989cba"

[solve-meta]
  analyzer-name = "dep"
  analyzer-version = 1
  inputs-digest = "371305928880d86931bf6d0bcb7bd68a8289f24b29530b9fe0dcc7b54b46c216"
  solver-name = "gps-cdcl"
  solver-version = 1
